
Microsoft Visual Studio Solution File, Format Version 12.00
# Visual Studio Version 17
VisualStudioVersion = 17.1.32210.238
MinimumVisualStudioVersion = 10.0.40219.1
Project("{FAE04EC0-301F-11D3-BF4B-00C04F79EFBC}") = "asd", "asd.csproj", "{9F61C4EA-FE33-4ED9-826F-2866A4A3D4DA}"
EndProject
Global
	GlobalSection(SolutionConfigurationPlatforms) = preSolution
		Debug|Any CPU = Debug|Any CPU
		Release|Any CPU = Release|Any CPU
	EndGlobalSection
	GlobalSection(ProjectConfigurationPlatforms) = postSolution
		{9F61C4EA-FE33-4ED9-826F-2866A4A3D4DA}.Debug|Any CPU.ActiveCfg = Debug|Any CPU
		{9F61C4EA-FE33-4ED9-826F-2866A4A3D4DA}.Debug|Any CPU.Build.0 = Debug|Any CPU
		{9F61C4EA-FE33-4ED9-826F-2866A4A3D4DA}.Release|Any CPU.ActiveCfg = Release|Any CPU
		{9F61C4EA-FE33-4ED9-826F-2866A4A3D4DA}.Release|Any CPU.Build.0 = Release|Any CPU
	EndGlobalSection
	GlobalSection(SolutionProperties) = preSolution
		HideSolutionNode = FALSE
	EndGlobalSection
	GlobalSection(ExtensibilityGlobals) = postSolution
		SolutionGuid = {393518CA-06B8-4F93-9D46-877F3579C748}
	EndGlobalSection
EndGlobal
